# THIS IS AN AUTOGENERATED FILE. DO NOT EDIT THIS FILE DIRECTLY.
# yarn lockfile v1


"@types/source-map-support@^0.5.3":
  version "0.5.3"
  resolved "https://registry.yarnpkg.com/@types/source-map-support/-/source-map-support-0.5.3.tgz#acb6b3e499c20692552d16934c16162c84594e16"
  integrity sha512-fvjMjVH8Rmokw2dWh1dkj90iX5R8FPjeZzjNH+6eFXReh0QnHFf1YBl3B0CF0RohIAA3SDRJsGeeUWKl6d7HqA==
  dependencies:
    source-map "^0.6.0"

source-map@^0.6.0:
  version "0.6.1"
  resolved "https://registry.yarnpkg.com/source-map/-/source-map-0.6.1.tgz#74722af32e9614e9c287a8d0bbde48b5e2f1a263"
  integrity sha512-UjgapumWlbMhkBgzT7Ykc5YXUT46F0iKu8SGXq0bcwP5dz/h0Plj6enJqjz1Zbq2l5WaqYnrVbwWOWMyF3F47g==
